# This file was autogenerated by Stack.
# You should not edit this file by hand.
# For more information, please see the documentation at:
#   https://docs.haskellstack.org/en/stable/lock_files

packages:
- completed:
    commit: 3184e6b8b285d3d99edb4108d1cd16753f379d0e
    git: https://github.com/danielambda/telegram-bot-message-dsl
    name: telegram-bot-message-dsl
    pantry-tree:
      sha256: 3ded1847a482cd6086c4a26b9434d8c0ec4fd1453f2fc9f9734fbcf45c89e1f0
      size: 1855
    version: 0.1.0.0
  original:
    commit: 3184e6b8b285d3d99edb4108d1cd16753f379d0e
    git: https://github.com/danielambda/telegram-bot-message-dsl
snapshots:
- completed:
    sha256: 1964d439d2a152be4238053f3f997a09fb348391984daab86d724975ef9a423f
    size: 683814
    url: https://raw.githubusercontent.com/commercialhaskell/stackage-snapshots/master/lts/23/14.yaml
  original: lts-23.14
