# This file was autogenerated by Stack.
# You should not edit this file by hand.
# For more information, please see the documentation at:
#   https://docs.haskellstack.org/en/stable/lock_files

packages:
- completed:
    commit: ce9da578810ab3f7ac309200e38b067a0faf5e34
    git: https://github.com/danielambda/telegram-bot-message-dsl
    name: telegram-bot-message-dsl
    pantry-tree:
      sha256: 8721c13ded9742ee8ab7b0bc4fd2c2a301ca4051c5e9e783e07c3b9b2bbfaf10
      size: 1856
    version: 0.1.0.0
  original:
    commit: ce9da578810ab3f7ac309200e38b067a0faf5e34
    git: https://github.com/danielambda/telegram-bot-message-dsl
snapshots:
- completed:
    sha256: 1964d439d2a152be4238053f3f997a09fb348391984daab86d724975ef9a423f
    size: 683814
    url: https://raw.githubusercontent.com/commercialhaskell/stackage-snapshots/master/lts/23/14.yaml
  original: lts-23.14
